{
  "originHash" : "2d703d0e5047e963e9c871e315727f5d5acf577a754e0116060986ed5a8ddcf4",
  "originHash" : "8d9125025bad8c18915a9c54f4fe73838a3efd9694d570775b51b8a62d92e3f2",
  "pins" : [
    {
      "identity" : "swift-asn1",
      "kind" : "remoteSourceControl",
      "location" : "https://github.com/apple/swift-asn1.git",
      "state" : {
        "revision" : "a9a5efd40eaf558a2bcd48d64b1d1646be686008",
        "version" : "1.7.1"
      }
    },
    {
      "identity" : "swift-certificates",
      "kind" : "remoteSourceControl",
      "location" : "https://github.com/apple/swift-certificates.git",
      "state" : {
        "revision" : "c8aece90ea05f9866bd392a5bf13b5cae56c0e03",
        "version" : "1.20.0"
      }
    },
    {
      "identity" : "swift-crypto",
      "kind" : "remoteSourceControl",
      "location" : "https://github.com/apple/swift-crypto.git",
      "state" : {
        "revision" : "da9d28d69ebe3894b18376c8f2395c2f37b8448f",
        "version" : "4.5.2"
      }
    }
  ],
  "version" : 3
}
