// !$*UTF8*$!
{
	archiveVersion = 1;
	classes = {
	};
	objectVersion = 77;
	objects = {

/* Begin PBXBuildFile section */
		142362E45AC519730348A10A /* SessionConnectionHandler.swift in Sources */ = {isa = PBXBuildFile; fileRef = C8B276D0129825F331F08A7C /* SessionConnectionHandler.swift */; };
		19EE3CBFD79B5C2BBF48E9AE /* FramedConnection.swift in Sources */ = {isa = PBXBuildFile; fileRef = 81E45ED3C8AB81CC9C3D4A00 /* FramedConnection.swift */; };
		2BD2266E4D98D06E99D86C1B /* PTYProcess.swift in Sources */ = {isa = PBXBuildFile; fileRef = ED3092A0A9AA2C79171636B9 /* PTYProcess.swift */; };
		3EE8531F2E689EFDDFCF6F76 /* PairingConnectionHandler.swift in Sources */ = {isa = PBXBuildFile; fileRef = 5724B0E50BC0090C837EAE3F /* PairingConnectionHandler.swift */; };
		59526C41317C8C4A34384DEC /* PublicNetwork.swift in Sources */ = {isa = PBXBuildFile; fileRef = D55D00F4B13FAF485409636F /* PublicNetwork.swift */; };
		893937E5297A2BC3806E8F8A /* iPhoneTerminalMacApp.swift in Sources */ = {isa = PBXBuildFile; fileRef = D7C00581F1CF63A5A96D49E4 /* iPhoneTerminalMacApp.swift */; };
		8A780FF7BF29E0153740D18B /* TLSIdentityStore.swift in Sources */ = {isa = PBXBuildFile; fileRef = 5EBD0AA133504AE0D4909A2C /* TLSIdentityStore.swift */; };
		A9E70931B17A14CD371070A8 /* TerminalQRCode.swift in Sources */ = {isa = PBXBuildFile; fileRef = 9F6FD30264010A96656ADE02 /* TerminalQRCode.swift */; };
		B42B76EAD698F68513C08630 /* PairingOperation.swift in Sources */ = {isa = PBXBuildFile; fileRef = 59820A647C3648895B71D7E5 /* PairingOperation.swift */; };
		C4903A28AF655D6A9797DC7A /* DaemonRuntime.swift in Sources */ = {isa = PBXBuildFile; fileRef = 14F29E64576FE90F886D5514 /* DaemonRuntime.swift */; };
		CEF14EB1819729F6F09D2C9F /* IPhoneTerminalSecurity in Frameworks */ = {isa = PBXBuildFile; productRef = 93F6EC9ACFFD54E06BFF56CE /* IPhoneTerminalSecurity */; };
		D47916DEC763300D4EA11CEF /* IPhoneTerminalCloud in Frameworks */ = {isa = PBXBuildFile; productRef = AD5BB412C51D0C5FB3F551BE /* IPhoneTerminalCloud */; };
		D98DA9CAB4DF2A975FA8F753 /* ControlSocket.swift in Sources */ = {isa = PBXBuildFile; fileRef = 0BC40FC0C83F37841A16A560 /* ControlSocket.swift */; };
		E12548302FE2F439039A9378 /* IPhoneTerminalCore in Frameworks */ = {isa = PBXBuildFile; productRef = 35545C06A82F6F2810D193EF /* IPhoneTerminalCore */; };
		E3B6DCDDCC1CE44271DED869 /* SecureListener.swift in Sources */ = {isa = PBXBuildFile; fileRef = AB90DB9879F11C0BE0F1BC0B /* SecureListener.swift */; };
		E7893F1CB42EB5AE3B0175D8 /* PrivateNetwork.swift in Sources */ = {isa = PBXBuildFile; fileRef = 6151ED78ACB526377C604F25 /* PrivateNetwork.swift */; };
		F0DAC45D05BC9DD9A02FAD28 /* DaemonState.swift in Sources */ = {isa = PBXBuildFile; fileRef = EDA0D6942300ADAAEE50BA3C /* DaemonState.swift */; };
		FB56260E3A4919FDC99B5760 /* MacRendezvousController.swift in Sources */ = {isa = PBXBuildFile; fileRef = E25020505BD40F74634BB722 /* MacRendezvousController.swift */; };
/* End PBXBuildFile section */

/* Begin PBXFileReference section */
		0BC40FC0C83F37841A16A560 /* ControlSocket.swift */ = {isa = PBXFileReference; lastKnownFileType = sourcecode.swift; path = ControlSocket.swift; sourceTree = "<group>"; };
		14F29E64576FE90F886D5514 /* DaemonRuntime.swift */ = {isa = PBXFileReference; lastKnownFileType = sourcecode.swift; path = DaemonRuntime.swift; sourceTree = "<group>"; };
		5724B0E50BC0090C837EAE3F /* PairingConnectionHandler.swift */ = {isa = PBXFileReference; lastKnownFileType = sourcecode.swift; path = PairingConnectionHandler.swift; sourceTree = "<group>"; };
		59820A647C3648895B71D7E5 /* PairingOperation.swift */ = {isa = PBXFileReference; lastKnownFileType = sourcecode.swift; path = PairingOperation.swift; sourceTree = "<group>"; };
		5EBD0AA133504AE0D4909A2C /* TLSIdentityStore.swift */ = {isa = PBXFileReference; lastKnownFileType = sourcecode.swift; path = TLSIdentityStore.swift; sourceTree = "<group>"; };
		5EC626791EFDAFC3AF414EB8 /* iPhoneTerminalMac.app */ = {isa = PBXFileReference; explicitFileType = wrapper.application; includeInIndex = 0; path = iPhoneTerminalMac.app; sourceTree = BUILT_PRODUCTS_DIR; };
		6151ED78ACB526377C604F25 /* PrivateNetwork.swift */ = {isa = PBXFileReference; lastKnownFileType = sourcecode.swift; path = PrivateNetwork.swift; sourceTree = "<group>"; };
		7C2D39A017A066FCB7DEC682 /* Base.xcconfig */ = {isa = PBXFileReference; lastKnownFileType = text.xcconfig; path = Base.xcconfig; sourceTree = "<group>"; };
		81E45ED3C8AB81CC9C3D4A00 /* FramedConnection.swift */ = {isa = PBXFileReference; lastKnownFileType = sourcecode.swift; path = FramedConnection.swift; sourceTree = "<group>"; };
		83C342C4F98B27BAF1DEF8DF /* iphone-terminal */ = {isa = PBXFileReference; lastKnownFileType = folder; name = "iphone-terminal"; path = ../..; sourceTree = SOURCE_ROOT; };
		9F6FD30264010A96656ADE02 /* TerminalQRCode.swift */ = {isa = PBXFileReference; lastKnownFileType = sourcecode.swift; path = TerminalQRCode.swift; sourceTree = "<group>"; };
		AB90DB9879F11C0BE0F1BC0B /* SecureListener.swift */ = {isa = PBXFileReference; lastKnownFileType = sourcecode.swift; path = SecureListener.swift; sourceTree = "<group>"; };
		C8B276D0129825F331F08A7C /* SessionConnectionHandler.swift */ = {isa = PBXFileReference; lastKnownFileType = sourcecode.swift; path = SessionConnectionHandler.swift; sourceTree = "<group>"; };
		D55D00F4B13FAF485409636F /* PublicNetwork.swift */ = {isa = PBXFileReference; lastKnownFileType = sourcecode.swift; path = PublicNetwork.swift; sourceTree = "<group>"; };
		D7C00581F1CF63A5A96D49E4 /* iPhoneTerminalMacApp.swift */ = {isa = PBXFileReference; lastKnownFileType = sourcecode.swift; path = iPhoneTerminalMacApp.swift; sourceTree = "<group>"; };
		E25020505BD40F74634BB722 /* MacRendezvousController.swift */ = {isa = PBXFileReference; lastKnownFileType = sourcecode.swift; path = MacRendezvousController.swift; sourceTree = "<group>"; };
		ED3092A0A9AA2C79171636B9 /* PTYProcess.swift */ = {isa = PBXFileReference; lastKnownFileType = sourcecode.swift; path = PTYProcess.swift; sourceTree = "<group>"; };
		EDA0D6942300ADAAEE50BA3C /* DaemonState.swift */ = {isa = PBXFileReference; lastKnownFileType = sourcecode.swift; path = DaemonState.swift; sourceTree = "<group>"; };
/* End PBXFileReference section */

/* Begin PBXFrameworksBuildPhase section */
		B0741625334175B0F978E37A /* Frameworks */ = {
			isa = PBXFrameworksBuildPhase;
			buildActionMask = 2147483647;
			files = (
				E12548302FE2F439039A9378 /* IPhoneTerminalCore in Frameworks */,
				CEF14EB1819729F6F09D2C9F /* IPhoneTerminalSecurity in Frameworks */,
				D47916DEC763300D4EA11CEF /* IPhoneTerminalCloud in Frameworks */,
			);
			runOnlyForDeploymentPostprocessing = 0;
		};
/* End PBXFrameworksBuildPhase section */

/* Begin PBXGroup section */
		07B6E2EE8E09B88F734A0229 /* Products */ = {
			isa = PBXGroup;
			children = (
				5EC626791EFDAFC3AF414EB8 /* iPhoneTerminalMac.app */,
			);
			name = Products;
			sourceTree = "<group>";
		};
		41BEE1313BB09FE234C85FDA /* IPhoneTerminalDaemon */ = {
			isa = PBXGroup;
			children = (
				0BC40FC0C83F37841A16A560 /* ControlSocket.swift */,
				14F29E64576FE90F886D5514 /* DaemonRuntime.swift */,
				EDA0D6942300ADAAEE50BA3C /* DaemonState.swift */,
				81E45ED3C8AB81CC9C3D4A00 /* FramedConnection.swift */,
				E25020505BD40F74634BB722 /* MacRendezvousController.swift */,
				5724B0E50BC0090C837EAE3F /* PairingConnectionHandler.swift */,
				59820A647C3648895B71D7E5 /* PairingOperation.swift */,
				6151ED78ACB526377C604F25 /* PrivateNetwork.swift */,
				ED3092A0A9AA2C79171636B9 /* PTYProcess.swift */,
				D55D00F4B13FAF485409636F /* PublicNetwork.swift */,
				AB90DB9879F11C0BE0F1BC0B /* SecureListener.swift */,
				C8B276D0129825F331F08A7C /* SessionConnectionHandler.swift */,
				9F6FD30264010A96656ADE02 /* TerminalQRCode.swift */,
				5EBD0AA133504AE0D4909A2C /* TLSIdentityStore.swift */,
			);
			name = IPhoneTerminalDaemon;
			path = ../../Sources/IPhoneTerminalDaemon;
			sourceTree = "<group>";
		};
		5063DE631E7668C6F3F457BE /* Packages */ = {
			isa = PBXGroup;
			children = (
				83C342C4F98B27BAF1DEF8DF /* iphone-terminal */,
			);
			name = Packages;
			sourceTree = "<group>";
		};
		625755E7EEC5D4FE72F9B450 /* App */ = {
			isa = PBXGroup;
			children = (
				D7C00581F1CF63A5A96D49E4 /* iPhoneTerminalMacApp.swift */,
			);
			path = App;
			sourceTree = "<group>";
		};
		F473972AFFC657AF0AAD6D56 = {
			isa = PBXGroup;
			children = (
				625755E7EEC5D4FE72F9B450 /* App */,
				F9CD0B4562B561959C444C6B /* Config */,
				41BEE1313BB09FE234C85FDA /* IPhoneTerminalDaemon */,
				5063DE631E7668C6F3F457BE /* Packages */,
				07B6E2EE8E09B88F734A0229 /* Products */,
			);
			sourceTree = "<group>";
		};
		F9CD0B4562B561959C444C6B /* Config */ = {
			isa = PBXGroup;
			children = (
				7C2D39A017A066FCB7DEC682 /* Base.xcconfig */,
			);
			path = Config;
			sourceTree = "<group>";
		};
/* End PBXGroup section */

/* Begin PBXNativeTarget section */
		CD8F0660900E2A1B9B46BB10 /* iPhoneTerminalMac */ = {
			isa = PBXNativeTarget;
			buildConfigurationList = 8FE567CBA98BF0DCAFEED034 /* Build configuration list for PBXNativeTarget "iPhoneTerminalMac" */;
			buildPhases = (
				6ED443BAD60AB5834A982304 /* Sources */,
				B0741625334175B0F978E37A /* Frameworks */,
			);
			buildRules = (
			);
			dependencies = (
			);
			name = iPhoneTerminalMac;
			packageProductDependencies = (
				35545C06A82F6F2810D193EF /* IPhoneTerminalCore */,
				93F6EC9ACFFD54E06BFF56CE /* IPhoneTerminalSecurity */,
				AD5BB412C51D0C5FB3F551BE /* IPhoneTerminalCloud */,
			);
			productName = iPhoneTerminalMac;
			productReference = 5EC626791EFDAFC3AF414EB8 /* iPhoneTerminalMac.app */;
			productType = "com.apple.product-type.application";
		};
/* End PBXNativeTarget section */

/* Begin PBXProject section */
		5B2C18DF4738DDF7C46F56E9 /* Project object */ = {
			isa = PBXProject;
			attributes = {
				BuildIndependentTargetsInParallel = YES;
				LastUpgradeCheck = 1430;
				TargetAttributes = {
					CD8F0660900E2A1B9B46BB10 = {
						ProvisioningStyle = Automatic;
					};
				};
			};
			buildConfigurationList = 8BB5D76C5CCDAE06A9F978B7 /* Build configuration list for PBXProject "iPhoneTerminalMac" */;
			developmentRegion = en;
			hasScannedForEncodings = 0;
			knownRegions = (
				Base,
				en,
			);
			mainGroup = F473972AFFC657AF0AAD6D56;
			minimizedProjectReferenceProxies = 1;
			packageReferences = (
				AD77419E52458F2278E3A896 /* XCLocalSwiftPackageReference "../.." */,
			);
			preferredProjectObjectVersion = 77;
			productRefGroup = 07B6E2EE8E09B88F734A0229 /* Products */;
			projectDirPath = "";
			projectRoot = "";
			targets = (
				CD8F0660900E2A1B9B46BB10 /* iPhoneTerminalMac */,
			);
		};
/* End PBXProject section */

/* Begin PBXSourcesBuildPhase section */
		6ED443BAD60AB5834A982304 /* Sources */ = {
			isa = PBXSourcesBuildPhase;
			buildActionMask = 2147483647;
			files = (
				D98DA9CAB4DF2A975FA8F753 /* ControlSocket.swift in Sources */,
				C4903A28AF655D6A9797DC7A /* DaemonRuntime.swift in Sources */,
				F0DAC45D05BC9DD9A02FAD28 /* DaemonState.swift in Sources */,
				19EE3CBFD79B5C2BBF48E9AE /* FramedConnection.swift in Sources */,
				FB56260E3A4919FDC99B5760 /* MacRendezvousController.swift in Sources */,
				2BD2266E4D98D06E99D86C1B /* PTYProcess.swift in Sources */,
				3EE8531F2E689EFDDFCF6F76 /* PairingConnectionHandler.swift in Sources */,
				B42B76EAD698F68513C08630 /* PairingOperation.swift in Sources */,
				E7893F1CB42EB5AE3B0175D8 /* PrivateNetwork.swift in Sources */,
				59526C41317C8C4A34384DEC /* PublicNetwork.swift in Sources */,
				E3B6DCDDCC1CE44271DED869 /* SecureListener.swift in Sources */,
				142362E45AC519730348A10A /* SessionConnectionHandler.swift in Sources */,
				8A780FF7BF29E0153740D18B /* TLSIdentityStore.swift in Sources */,
				A9E70931B17A14CD371070A8 /* TerminalQRCode.swift in Sources */,
				893937E5297A2BC3806E8F8A /* iPhoneTerminalMacApp.swift in Sources */,
			);
			runOnlyForDeploymentPostprocessing = 0;
		};
/* End PBXSourcesBuildPhase section */

/* Begin XCBuildConfiguration section */
		046B6DB42FC02B3D77EF3D54 /* Debug */ = {
			isa = XCBuildConfiguration;
			buildSettings = {
				ALWAYS_SEARCH_USER_PATHS = NO;
				CLANG_ANALYZER_NONNULL = YES;
				CLANG_ANALYZER_NUMBER_OBJECT_CONVERSION = YES_AGGRESSIVE;
				CLANG_CXX_LANGUAGE_STANDARD = "gnu++14";
				CLANG_CXX_LIBRARY = "libc++";
				CLANG_ENABLE_MODULES = YES;
				CLANG_ENABLE_OBJC_ARC = YES;
				CLANG_ENABLE_OBJC_WEAK = YES;
				CLANG_WARN_BLOCK_CAPTURE_AUTORELEASING = YES;
				CLANG_WARN_BOOL_CONVERSION = YES;
				CLANG_WARN_COMMA = YES;
				CLANG_WARN_CONSTANT_CONVERSION = YES;
				CLANG_WARN_DEPRECATED_OBJC_IMPLEMENTATIONS = YES;
				CLANG_WARN_DIRECT_OBJC_ISA_USAGE = YES_ERROR;
				CLANG_WARN_DOCUMENTATION_COMMENTS = YES;
				CLANG_WARN_EMPTY_BODY = YES;
				CLANG_WARN_ENUM_CONVERSION = YES;
				CLANG_WARN_INFINITE_RECURSION = YES;
				CLANG_WARN_INT_CONVERSION = YES;
				CLANG_WARN_NON_LITERAL_NULL_CONVERSION = YES;
				CLANG_WARN_OBJC_IMPLICIT_RETAIN_SELF = YES;
				CLANG_WARN_OBJC_LITERAL_CONVERSION = YES;
				CLANG_WARN_OBJC_ROOT_CLASS = YES_ERROR;
				CLANG_WARN_QUOTED_INCLUDE_IN_FRAMEWORK_HEADER = YES;
				CLANG_WARN_RANGE_LOOP_ANALYSIS = YES;
				CLANG_WARN_STRICT_PROTOTYPES = YES;
				CLANG_WARN_SUSPICIOUS_MOVE = YES;
				CLANG_WARN_UNGUARDED_AVAILABILITY = YES_AGGRESSIVE;
				CLANG_WARN_UNREACHABLE_CODE = YES;
				CLANG_WARN__DUPLICATE_METHOD_MATCH = YES;
				COPY_PHASE_STRIP = NO;
				DEBUG_INFORMATION_FORMAT = dwarf;
				ENABLE_STRICT_OBJC_MSGSEND = YES;
				ENABLE_TESTABILITY = YES;
				GCC_C_LANGUAGE_STANDARD = gnu11;
				GCC_DYNAMIC_NO_PIC = NO;
				GCC_NO_COMMON_BLOCKS = YES;
				GCC_OPTIMIZATION_LEVEL = 0;
				GCC_PREPROCESSOR_DEFINITIONS = (
					"$(inherited)",
					"DEBUG=1",
				);
				GCC_WARN_64_TO_32_BIT_CONVERSION = YES;
				GCC_WARN_ABOUT_RETURN_TYPE = YES_ERROR;
				GCC_WARN_UNDECLARED_SELECTOR = YES;
				GCC_WARN_UNINITIALIZED_AUTOS = YES_AGGRESSIVE;
				GCC_WARN_UNUSED_FUNCTION = YES;
				GCC_WARN_UNUSED_VARIABLE = YES;
				MTL_ENABLE_DEBUG_INFO = INCLUDE_SOURCE;
				MTL_FAST_MATH = YES;
				ONLY_ACTIVE_ARCH = YES;
				PRODUCT_NAME = "$(TARGET_NAME)";
				SDKROOT = macosx;
				SWIFT_ACTIVE_COMPILATION_CONDITIONS = DEBUG;
				SWIFT_OPTIMIZATION_LEVEL = "-Onone";
				SWIFT_VERSION = 5.0;
			};
			name = Debug;
		};
		0D35A40C8C22C31539A63415 /* Release */ = {
			isa = XCBuildConfiguration;
			baseConfigurationReference = 7C2D39A017A066FCB7DEC682 /* Base.xcconfig */;
			buildSettings = {
				ASSETCATALOG_COMPILER_APPICON_NAME = AppIcon;
				CODE_SIGN_ENTITLEMENTS = Config/iPhoneTerminalMac.entitlements;
				COMBINE_HIDPI_IMAGES = YES;
				GENERATE_INFOPLIST_FILE = NO;
				INFOPLIST_FILE = Config/Info.plist;
				LD_RUNPATH_SEARCH_PATHS = (
					"$(inherited)",
					"@executable_path/../Frameworks",
				);
				SDKROOT = macosx;
				SWIFT_VERSION = 6.0;
			};
			name = Release;
		};
		F2CA4B9364D36D9DEF5609AD /* Debug */ = {
			isa = XCBuildConfiguration;
			baseConfigurationReference = 7C2D39A017A066FCB7DEC682 /* Base.xcconfig */;
			buildSettings = {
				ASSETCATALOG_COMPILER_APPICON_NAME = AppIcon;
				CODE_SIGN_ENTITLEMENTS = Config/iPhoneTerminalMac.entitlements;
				COMBINE_HIDPI_IMAGES = YES;
				GENERATE_INFOPLIST_FILE = NO;
				INFOPLIST_FILE = Config/Info.plist;
				LD_RUNPATH_SEARCH_PATHS = (
					"$(inherited)",
					"@executable_path/../Frameworks",
				);
				SDKROOT = macosx;
				SWIFT_VERSION = 6.0;
			};
			name = Debug;
		};
		F597AA90D021601D2E007CF5 /* Release */ = {
			isa = XCBuildConfiguration;
			buildSettings = {
				ALWAYS_SEARCH_USER_PATHS = NO;
				CLANG_ANALYZER_NONNULL = YES;
				CLANG_ANALYZER_NUMBER_OBJECT_CONVERSION = YES_AGGRESSIVE;
				CLANG_CXX_LANGUAGE_STANDARD = "gnu++14";
				CLANG_CXX_LIBRARY = "libc++";
				CLANG_ENABLE_MODULES = YES;
				CLANG_ENABLE_OBJC_ARC = YES;
				CLANG_ENABLE_OBJC_WEAK = YES;
				CLANG_WARN_BLOCK_CAPTURE_AUTORELEASING = YES;
				CLANG_WARN_BOOL_CONVERSION = YES;
				CLANG_WARN_COMMA = YES;
				CLANG_WARN_CONSTANT_CONVERSION = YES;
				CLANG_WARN_DEPRECATED_OBJC_IMPLEMENTATIONS = YES;
				CLANG_WARN_DIRECT_OBJC_ISA_USAGE = YES_ERROR;
				CLANG_WARN_DOCUMENTATION_COMMENTS = YES;
				CLANG_WARN_EMPTY_BODY = YES;
				CLANG_WARN_ENUM_CONVERSION = YES;
				CLANG_WARN_INFINITE_RECURSION = YES;
				CLANG_WARN_INT_CONVERSION = YES;
				CLANG_WARN_NON_LITERAL_NULL_CONVERSION = YES;
				CLANG_WARN_OBJC_IMPLICIT_RETAIN_SELF = YES;
				CLANG_WARN_OBJC_LITERAL_CONVERSION = YES;
				CLANG_WARN_OBJC_ROOT_CLASS = YES_ERROR;
				CLANG_WARN_QUOTED_INCLUDE_IN_FRAMEWORK_HEADER = YES;
				CLANG_WARN_RANGE_LOOP_ANALYSIS = YES;
				CLANG_WARN_STRICT_PROTOTYPES = YES;
				CLANG_WARN_SUSPICIOUS_MOVE = YES;
				CLANG_WARN_UNGUARDED_AVAILABILITY = YES_AGGRESSIVE;
				CLANG_WARN_UNREACHABLE_CODE = YES;
				CLANG_WARN__DUPLICATE_METHOD_MATCH = YES;
				COPY_PHASE_STRIP = NO;
				DEBUG_INFORMATION_FORMAT = "dwarf-with-dsym";
				ENABLE_NS_ASSERTIONS = NO;
				ENABLE_STRICT_OBJC_MSGSEND = YES;
				GCC_C_LANGUAGE_STANDARD = gnu11;
				GCC_NO_COMMON_BLOCKS = YES;
				GCC_WARN_64_TO_32_BIT_CONVERSION = YES;
				GCC_WARN_ABOUT_RETURN_TYPE = YES_ERROR;
				GCC_WARN_UNDECLARED_SELECTOR = YES;
				GCC_WARN_UNINITIALIZED_AUTOS = YES_AGGRESSIVE;
				GCC_WARN_UNUSED_FUNCTION = YES;
				GCC_WARN_UNUSED_VARIABLE = YES;
				MTL_ENABLE_DEBUG_INFO = NO;
				MTL_FAST_MATH = YES;
				PRODUCT_NAME = "$(TARGET_NAME)";
				SDKROOT = macosx;
				SWIFT_COMPILATION_MODE = wholemodule;
				SWIFT_OPTIMIZATION_LEVEL = "-O";
				SWIFT_VERSION = 5.0;
			};
			name = Release;
		};
/* End XCBuildConfiguration section */

/* Begin XCConfigurationList section */
		8BB5D76C5CCDAE06A9F978B7 /* Build configuration list for PBXProject "iPhoneTerminalMac" */ = {
			isa = XCConfigurationList;
			buildConfigurations = (
				046B6DB42FC02B3D77EF3D54 /* Debug */,
				F597AA90D021601D2E007CF5 /* Release */,
			);
			defaultConfigurationIsVisible = 0;
			defaultConfigurationName = Debug;
		};
		8FE567CBA98BF0DCAFEED034 /* Build configuration list for PBXNativeTarget "iPhoneTerminalMac" */ = {
			isa = XCConfigurationList;
			buildConfigurations = (
				F2CA4B9364D36D9DEF5609AD /* Debug */,
				0D35A40C8C22C31539A63415 /* Release */,
			);
			defaultConfigurationIsVisible = 0;
			defaultConfigurationName = Debug;
		};
/* End XCConfigurationList section */

/* Begin XCLocalSwiftPackageReference section */
		AD77419E52458F2278E3A896 /* XCLocalSwiftPackageReference "../.." */ = {
			isa = XCLocalSwiftPackageReference;
			relativePath = ../..;
		};
/* End XCLocalSwiftPackageReference section */

/* Begin XCSwiftPackageProductDependency section */
		35545C06A82F6F2810D193EF /* IPhoneTerminalCore */ = {
			isa = XCSwiftPackageProductDependency;
			productName = IPhoneTerminalCore;
		};
		93F6EC9ACFFD54E06BFF56CE /* IPhoneTerminalSecurity */ = {
			isa = XCSwiftPackageProductDependency;
			productName = IPhoneTerminalSecurity;
		};
		AD5BB412C51D0C5FB3F551BE /* IPhoneTerminalCloud */ = {
			isa = XCSwiftPackageProductDependency;
			productName = IPhoneTerminalCloud;
		};
/* End XCSwiftPackageProductDependency section */
	};
	rootObject = 5B2C18DF4738DDF7C46F56E9 /* Project object */;
}
